// !$*UTF8*$!
{
	archiveVersion = 1;
	classes = {
	};
	objectVersion = 50;
	objects = {

/* Begin PBXBuildFile section */
		53543235254A346400282D0D /* AppDelegate.swift in Sources */ = {isa = PBXBuildFile; fileRef = 53543234254A346400282D0D /* AppDelegate.swift */; };
		53543237254A346400282D0D /* SceneDelegate.swift in Sources */ = {isa = PBXBuildFile; fileRef = 53543236254A346400282D0D /* SceneDelegate.swift */; };
		5354323E254A346500282D0D /* Assets.xcassets in Resources */ = {isa = PBXBuildFile; fileRef = 5354323D254A346500282D0D /* Assets.xcassets */; };
		53543241254A346500282D0D /* LaunchScreen.storyboard in Resources */ = {isa = PBXBuildFile; fileRef = 5354323F254A346500282D0D /* LaunchScreen.storyboard */; };
		5354324C254A346500282D0D /* NewsAppTests.swift in Sources */ = {isa = PBXBuildFile; fileRef = 5354324B254A346500282D0D /* NewsAppTests.swift */; };
		53543257254A346500282D0D /* NewsAppUITests.swift in Sources */ = {isa = PBXBuildFile; fileRef = 53543256254A346500282D0D /* NewsAppUITests.swift */; };
		5354326B254A34E900282D0D /* NewsAppDataManager.swift in Sources */ = {isa = PBXBuildFile; fileRef = 5354326A254A34E900282D0D /* NewsAppDataManager.swift */; };
		53543270254A352600282D0D /* BaseDataManager.swift in Sources */ = {isa = PBXBuildFile; fileRef = 5354326F254A352600282D0D /* BaseDataManager.swift */; };
		53543288254A356E00282D0D /* NewsAPI.swift in Sources */ = {isa = PBXBuildFile; fileRef = 53543281254A356E00282D0D /* NewsAPI.swift */; };
		53543289254A356E00282D0D /* NewsAPI+TopHeadlines.swift in Sources */ = {isa = PBXBuildFile; fileRef = 53543282254A356E00282D0D /* NewsAPI+TopHeadlines.swift */; };
		5354328A254A356E00282D0D /* NYTimesAPI+MostPopularModel.swift in Sources */ = {isa = PBXBuildFile; fileRef = 53543284254A356E00282D0D /* NYTimesAPI+MostPopularModel.swift */; };
		5354328B254A356E00282D0D /* NYTimesAPI.swift in Sources */ = {isa = PBXBuildFile; fileRef = 53543285254A356E00282D0D /* NYTimesAPI.swift */; };
		5354328C254A356E00282D0D /* TheGuardianAPI.swift in Sources */ = {isa = PBXBuildFile; fileRef = 53543287254A356E00282D0D /* TheGuardianAPI.swift */; };
		535432A6254A359200282D0D /* TopHeadlinesViewModel.swift in Sources */ = {isa = PBXBuildFile; fileRef = 53543295254A359200282D0D /* TopHeadlinesViewModel.swift */; };
		535432A7254A359200282D0D /* NewsApiModel.swift in Sources */ = {isa = PBXBuildFile; fileRef = 53543297254A359200282D0D /* NewsApiModel.swift */; };
		535432A8254A359200282D0D /* TopHeadlinesCell.xib in Resources */ = {isa = PBXBuildFile; fileRef = 5354329A254A359200282D0D /* TopHeadlinesCell.xib */; };
		535432A9254A359200282D0D /* TopHeadlinesShimmerCell.swift in Sources */ = {isa = PBXBuildFile; fileRef = 5354329B254A359200282D0D /* TopHeadlinesShimmerCell.swift */; };
		535432AA254A359200282D0D /* TopHeadlinesCell.swift in Sources */ = {isa = PBXBuildFile; fileRef = 5354329C254A359200282D0D /* TopHeadlinesCell.swift */; };
		535432AB254A359200282D0D /* TopHeadlinesShimmerCell.xib in Resources */ = {isa = PBXBuildFile; fileRef = 5354329D254A359200282D0D /* TopHeadlinesShimmerCell.xib */; };
		535432AC254A359200282D0D /* TopHeadlines.storyboard in Resources */ = {isa = PBXBuildFile; fileRef = 5354329E254A359200282D0D /* TopHeadlines.storyboard */; };
		535432AD254A359200282D0D /* TopHeadlinesViewController.swift in Sources */ = {isa = PBXBuildFile; fileRef = 5354329F254A359200282D0D /* TopHeadlinesViewController.swift */; };
		535432AE254A359200282D0D /* CategoryCell.swift in Sources */ = {isa = PBXBuildFile; fileRef = 535432A1254A359200282D0D /* CategoryCell.swift */; };
		535432AF254A359200282D0D /* TopHeadlinesCategoriesViewController.swift in Sources */ = {isa = PBXBuildFile; fileRef = 535432A2254A359200282D0D /* TopHeadlinesCategoriesViewController.swift */; };
		535432B0254A359200282D0D /* TopHeadlinesCategories.storyboard in Resources */ = {isa = PBXBuildFile; fileRef = 535432A3254A359200282D0D /* TopHeadlinesCategories.storyboard */; };
		535432B1254A359200282D0D /* TopHeadlinesCategoriesViewModel.swift in Sources */ = {isa = PBXBuildFile; fileRef = 535432A4254A359200282D0D /* TopHeadlinesCategoriesViewModel.swift */; };
		535432B2254A359200282D0D /* CategoryCell.xib in Resources */ = {isa = PBXBuildFile; fileRef = 535432A5254A359200282D0D /* CategoryCell.xib */; };
		535432BB254A35A500282D0D /* Extensions.swift in Sources */ = {isa = PBXBuildFile; fileRef = 535432B9254A35A400282D0D /* Extensions.swift */; };
		535432BC254A35A500282D0D /* Protocols.swift in Sources */ = {isa = PBXBuildFile; fileRef = 535432BA254A35A400282D0D /* Protocols.swift */; };
		535432C1254A35C300282D0D /* MainCoordinator.swift in Sources */ = {isa = PBXBuildFile; fileRef = 535432C0254A35C300282D0D /* MainCoordinator.swift */; };
/* End PBXBuildFile section */

/* Begin PBXContainerItemProxy section */
		53543248254A346500282D0D /* PBXContainerItemProxy */ = {
			isa = PBXContainerItemProxy;
			containerPortal = 53543229254A346300282D0D /* Project object */;
			proxyType = 1;
			remoteGlobalIDString = 53543230254A346400282D0D;
			remoteInfo = NewsApp;
		};
		53543253254A346500282D0D /* PBXContainerItemProxy */ = {
			isa = PBXContainerItemProxy;
			containerPortal = 53543229254A346300282D0D /* Project object */;
			proxyType = 1;
			remoteGlobalIDString = 53543230254A346400282D0D;
			remoteInfo = NewsApp;
		};
/* End PBXContainerItemProxy section */

/* Begin PBXFileReference section */
		53543231254A346400282D0D /* NewsApp.app */ = {isa = PBXFileReference; explicitFileType = wrapper.application; includeInIndex = 0; path = NewsApp.app; sourceTree = BUILT_PRODUCTS_DIR; };
		53543234254A346400282D0D /* AppDelegate.swift */ = {isa = PBXFileReference; lastKnownFileType = sourcecode.swift; path = AppDelegate.swift; sourceTree = "<group>"; };
		53543236254A346400282D0D /* SceneDelegate.swift */ = {isa = PBXFileReference; lastKnownFileType = sourcecode.swift; path = SceneDelegate.swift; sourceTree = "<group>"; };
		5354323D254A346500282D0D /* Assets.xcassets */ = {isa = PBXFileReference; lastKnownFileType = folder.assetcatalog; path = Assets.xcassets; sourceTree = "<group>"; };
		53543240254A346500282D0D /* Base */ = {isa = PBXFileReference; lastKnownFileType = file.storyboard; name = Base; path = Base.lproj/LaunchScreen.storyboard; sourceTree = "<group>"; };
		53543242254A346500282D0D /* Info.plist */ = {isa = PBXFileReference; lastKnownFileType = text.plist.xml; path = Info.plist; sourceTree = "<group>"; };
		53543247254A346500282D0D /* NewsAppTests.xctest */ = {isa = PBXFileReference; explicitFileType = wrapper.cfbundle; includeInIndex = 0; path = NewsAppTests.xctest; sourceTree = BUILT_PRODUCTS_DIR; };
		5354324B254A346500282D0D /* NewsAppTests.swift */ = {isa = PBXFileReference; lastKnownFileType = sourcecode.swift; path = NewsAppTests.swift; sourceTree = "<group>"; };
		5354324D254A346500282D0D /* Info.plist */ = {isa = PBXFileReference; lastKnownFileType = text.plist.xml; path = Info.plist; sourceTree = "<group>"; };
		53543252254A346500282D0D /* NewsAppUITests.xctest */ = {isa = PBXFileReference; explicitFileType = wrapper.cfbundle; includeInIndex = 0; path = NewsAppUITests.xctest; sourceTree = BUILT_PRODUCTS_DIR; };
		53543256254A346500282D0D /* NewsAppUITests.swift */ = {isa = PBXFileReference; lastKnownFileType = sourcecode.swift; path = NewsAppUITests.swift; sourceTree = "<group>"; };
		53543258254A346500282D0D /* Info.plist */ = {isa = PBXFileReference; lastKnownFileType = text.plist.xml; path = Info.plist; sourceTree = "<group>"; };
		5354326A254A34E900282D0D /* NewsAppDataManager.swift */ = {isa = PBXFileReference; lastKnownFileType = sourcecode.swift; path = NewsAppDataManager.swift; sourceTree = "<group>"; };
		5354326F254A352600282D0D /* BaseDataManager.swift */ = {isa = PBXFileReference; lastKnownFileType = sourcecode.swift; path = BaseDataManager.swift; sourceTree = "<group>"; };
		53543281254A356E00282D0D /* NewsAPI.swift */ = {isa = PBXFileReference; fileEncoding = 4; lastKnownFileType = sourcecode.swift; path = NewsAPI.swift; sourceTree = "<group>"; };
		53543282254A356E00282D0D /* NewsAPI+TopHeadlines.swift */ = {isa = PBXFileReference; fileEncoding = 4; lastKnownFileType = sourcecode.swift; path = "NewsAPI+TopHeadlines.swift"; sourceTree = "<group>"; };
		53543284254A356E00282D0D /* NYTimesAPI+MostPopularModel.swift */ = {isa = PBXFileReference; fileEncoding = 4; lastKnownFileType = sourcecode.swift; path = "NYTimesAPI+MostPopularModel.swift"; sourceTree = "<group>"; };
		53543285254A356E00282D0D /* NYTimesAPI.swift */ = {isa = PBXFileReference; fileEncoding = 4; lastKnownFileType = sourcecode.swift; path = NYTimesAPI.swift; sourceTree = "<group>"; };
		53543287254A356E00282D0D /* TheGuardianAPI.swift */ = {isa = PBXFileReference; fileEncoding = 4; lastKnownFileType = sourcecode.swift; path = TheGuardianAPI.swift; sourceTree = "<group>"; };
		53543295254A359200282D0D /* TopHeadlinesViewModel.swift */ = {isa = PBXFileReference; fileEncoding = 4; lastKnownFileType = sourcecode.swift; path = TopHeadlinesViewModel.swift; sourceTree = "<group>"; };
		53543297254A359200282D0D /* NewsApiModel.swift */ = {isa = PBXFileReference; fileEncoding = 4; lastKnownFileType = sourcecode.swift; path = NewsApiModel.swift; sourceTree = "<group>"; };
		5354329A254A359200282D0D /* TopHeadlinesCell.xib */ = {isa = PBXFileReference; fileEncoding = 4; lastKnownFileType = file.xib; path = TopHeadlinesCell.xib; sourceTree = "<group>"; };
		5354329B254A359200282D0D /* TopHeadlinesShimmerCell.swift */ = {isa = PBXFileReference; fileEncoding = 4; lastKnownFileType = sourcecode.swift; path = TopHeadlinesShimmerCell.swift; sourceTree = "<group>"; };
		5354329C254A359200282D0D /* TopHeadlinesCell.swift */ = {isa = PBXFileReference; fileEncoding = 4; lastKnownFileType = sourcecode.swift; path = TopHeadlinesCell.swift; sourceTree = "<group>"; };
		5354329D254A359200282D0D /* TopHeadlinesShimmerCell.xib */ = {isa = PBXFileReference; fileEncoding = 4; lastKnownFileType = file.xib; path = TopHeadlinesShimmerCell.xib; sourceTree = "<group>"; };
		5354329E254A359200282D0D /* TopHeadlines.storyboard */ = {isa = PBXFileReference; fileEncoding = 4; lastKnownFileType = file.storyboard; path = TopHeadlines.storyboard; sourceTree = "<group>"; };
		5354329F254A359200282D0D /* TopHeadlinesViewController.swift */ = {isa = PBXFileReference; fileEncoding = 4; lastKnownFileType = sourcecode.swift; path = TopHeadlinesViewController.swift; sourceTree = "<group>"; };
		535432A1254A359200282D0D /* CategoryCell.swift */ = {isa = PBXFileReference; fileEncoding = 4; lastKnownFileType = sourcecode.swift; path = CategoryCell.swift; sourceTree = "<group>"; };
		535432A2254A359200282D0D /* TopHeadlinesCategoriesViewController.swift */ = {isa = PBXFileReference; fileEncoding = 4; lastKnownFileType = sourcecode.swift; path = TopHeadlinesCategoriesViewController.swift; sourceTree = "<group>"; };
		535432A3254A359200282D0D /* TopHeadlinesCategories.storyboard */ = {isa = PBXFileReference; fileEncoding = 4; lastKnownFileType = file.storyboard; path = TopHeadlinesCategories.storyboard; sourceTree = "<group>"; };
		535432A4254A359200282D0D /* TopHeadlinesCategoriesViewModel.swift */ = {isa = PBXFileReference; fileEncoding = 4; lastKnownFileType = sourcecode.swift; path = TopHeadlinesCategoriesViewModel.swift; sourceTree = "<group>"; };
		535432A5254A359200282D0D /* CategoryCell.xib */ = {isa = PBXFileReference; fileEncoding = 4; lastKnownFileType = file.xib; path = CategoryCell.xib; sourceTree = "<group>"; };
		535432B9254A35A400282D0D /* Extensions.swift */ = {isa = PBXFileReference; fileEncoding = 4; lastKnownFileType = sourcecode.swift; path = Extensions.swift; sourceTree = "<group>"; };
		535432BA254A35A400282D0D /* Protocols.swift */ = {isa = PBXFileReference; fileEncoding = 4; lastKnownFileType = sourcecode.swift; path = Protocols.swift; sourceTree = "<group>"; };
		535432C0254A35C300282D0D /* MainCoordinator.swift */ = {isa = PBXFileReference; fileEncoding = 4; lastKnownFileType = sourcecode.swift; path = MainCoordinator.swift; sourceTree = "<group>"; };
/* End PBXFileReference section */

/* Begin PBXFrameworksBuildPhase section */
		5354322E254A346400282D0D /* Frameworks */ = {
			isa = PBXFrameworksBuildPhase;
			buildActionMask = 2147483647;
			files = (
			);
			runOnlyForDeploymentPostprocessing = 0;
		};
		53543244254A346500282D0D /* Frameworks */ = {
			isa = PBXFrameworksBuildPhase;
			buildActionMask = 2147483647;
			files = (
			);
			runOnlyForDeploymentPostprocessing = 0;
		};
		5354324F254A346500282D0D /* Frameworks */ = {
			isa = PBXFrameworksBuildPhase;
			buildActionMask = 2147483647;
			files = (
			);
			runOnlyForDeploymentPostprocessing = 0;
		};
/* End PBXFrameworksBuildPhase section */

/* Begin PBXGroup section */
		53543228254A346300282D0D = {
			isa = PBXGroup;
			children = (
				53543233254A346400282D0D /* NewsApp */,
				5354324A254A346500282D0D /* NewsAppTests */,
				53543255254A346500282D0D /* NewsAppUITests */,
				53543232254A346400282D0D /* Products */,
			);
			sourceTree = "<group>";
		};
		53543232254A346400282D0D /* Products */ = {
			isa = PBXGroup;
			children = (
				53543231254A346400282D0D /* NewsApp.app */,
				53543247254A346500282D0D /* NewsAppTests.xctest */,
				53543252254A346500282D0D /* NewsAppUITests.xctest */,
			);
			name = Products;
			sourceTree = "<group>";
		};
		53543233254A346400282D0D /* NewsApp */ = {
			isa = PBXGroup;
			children = (
				53543234254A346400282D0D /* AppDelegate.swift */,
				53543236254A346400282D0D /* SceneDelegate.swift */,
				535432C0254A35C300282D0D /* MainCoordinator.swift */,
				535432C6254A38B200282D0D /* Base */,
				535432B8254A35A400282D0D /* Utility */,
				535432C5254A389100282D0D /* Modules */,
				5354323D254A346500282D0D /* Assets.xcassets */,
				5354323F254A346500282D0D /* LaunchScreen.storyboard */,
				53543242254A346500282D0D /* Info.plist */,
			);
			path = NewsApp;
			sourceTree = "<group>";
		};
		5354324A254A346500282D0D /* NewsAppTests */ = {
			isa = PBXGroup;
			children = (
				5354324B254A346500282D0D /* NewsAppTests.swift */,
				5354324D254A346500282D0D /* Info.plist */,
			);
			path = NewsAppTests;
			sourceTree = "<group>";
		};
		53543255254A346500282D0D /* NewsAppUITests */ = {
			isa = PBXGroup;
			children = (
				53543256254A346500282D0D /* NewsAppUITests.swift */,
				53543258254A346500282D0D /* Info.plist */,
			);
			path = NewsAppUITests;
			sourceTree = "<group>";
		};
		53543280254A356E00282D0D /* NewsAPI */ = {
			isa = PBXGroup;
			children = (
				53543281254A356E00282D0D /* NewsAPI.swift */,
				53543282254A356E00282D0D /* NewsAPI+TopHeadlines.swift */,
			);
			path = NewsAPI;
			sourceTree = "<group>";
		};
		53543283254A356E00282D0D /* NYTimes */ = {
			isa = PBXGroup;
			children = (
				53543284254A356E00282D0D /* NYTimesAPI+MostPopularModel.swift */,
				53543285254A356E00282D0D /* NYTimesAPI.swift */,
			);
			path = NYTimes;
			sourceTree = "<group>";
		};
		53543286254A356E00282D0D /* TheGuardianAPI */ = {
			isa = PBXGroup;
			children = (
				53543287254A356E00282D0D /* TheGuardianAPI.swift */,
			);
			path = TheGuardianAPI;
			sourceTree = "<group>";
		};
		53543292254A359200282D0D /* TopHeadlines */ = {
			isa = PBXGroup;
			children = (
				53543293254A359200282D0D /* Headlines */,
				535432A0254A359200282D0D /* Categories */,
			);
			path = TopHeadlines;
			sourceTree = "<group>";
		};
		53543293254A359200282D0D /* Headlines */ = {
			isa = PBXGroup;
			children = (
				53543294254A359200282D0D /* ViewModel */,
				53543296254A359200282D0D /* Model */,
				53543298254A359200282D0D /* Views */,
			);
			path = Headlines;
			sourceTree = "<group>";
		};
		53543294254A359200282D0D /* ViewModel */ = {
			isa = PBXGroup;
			children = (
				53543295254A359200282D0D /* TopHeadlinesViewModel.swift */,
			);
			path = ViewModel;
			sourceTree = "<group>";
		};
		53543296254A359200282D0D /* Model */ = {
			isa = PBXGroup;
			children = (
				53543297254A359200282D0D /* NewsApiModel.swift */,
			);
			path = Model;
			sourceTree = "<group>";
		};
		53543298254A359200282D0D /* Views */ = {
			isa = PBXGroup;
			children = (
				53543299254A359200282D0D /* Cells */,
				5354329E254A359200282D0D /* TopHeadlines.storyboard */,
				5354329F254A359200282D0D /* TopHeadlinesViewController.swift */,
			);
			path = Views;
			sourceTree = "<group>";
		};
		53543299254A359200282D0D /* Cells */ = {
			isa = PBXGroup;
			children = (
				5354329A254A359200282D0D /* TopHeadlinesCell.xib */,
				5354329B254A359200282D0D /* TopHeadlinesShimmerCell.swift */,
				5354329C254A359200282D0D /* TopHeadlinesCell.swift */,
				5354329D254A359200282D0D /* TopHeadlinesShimmerCell.xib */,
			);
			path = Cells;
			sourceTree = "<group>";
		};
		535432A0254A359200282D0D /* Categories */ = {
			isa = PBXGroup;
			children = (
				535432A1254A359200282D0D /* CategoryCell.swift */,
				535432A2254A359200282D0D /* TopHeadlinesCategoriesViewController.swift */,
				535432A3254A359200282D0D /* TopHeadlinesCategories.storyboard */,
				535432A4254A359200282D0D /* TopHeadlinesCategoriesViewModel.swift */,
				535432A5254A359200282D0D /* CategoryCell.xib */,
			);
			path = Categories;
			sourceTree = "<group>";
		};
		535432B8254A35A400282D0D /* Utility */ = {
			isa = PBXGroup;
			children = (
				535432B9254A35A400282D0D /* Extensions.swift */,
				535432BA254A35A400282D0D /* Protocols.swift */,
			);
			path = Utility;
			sourceTree = "<group>";
		};
		535432C5254A389100282D0D /* Modules */ = {
			isa = PBXGroup;
			children = (
				53543292254A359200282D0D /* TopHeadlines */,
			);
			path = Modules;
			sourceTree = "<group>";
		};
		535432C6254A38B200282D0D /* Base */ = {
			isa = PBXGroup;
			children = (
				535432C7254A38B800282D0D /* DataManager */,
			);
			path = Base;
			sourceTree = "<group>";
		};
		535432C7254A38B800282D0D /* DataManager */ = {
			isa = PBXGroup;
			children = (
				535432C8254A38C500282D0D /* API */,
				5354326F254A352600282D0D /* BaseDataManager.swift */,
				5354326A254A34E900282D0D /* NewsAppDataManager.swift */,
			);
			path = DataManager;
			sourceTree = "<group>";
		};
		535432C8254A38C500282D0D /* API */ = {
			isa = PBXGroup;
			children = (
				53543280254A356E00282D0D /* NewsAPI */,
				53543283254A356E00282D0D /* NYTimes */,
				53543286254A356E00282D0D /* TheGuardianAPI */,
			);
			path = API;
			sourceTree = "<group>";
		};
/* End PBXGroup section */

/* Begin PBXNativeTarget section */
		53543230254A346400282D0D /* NewsApp */ = {
			isa = PBXNativeTarget;
			buildConfigurationList = 5354325B254A346500282D0D /* Build configuration list for PBXNativeTarget "NewsApp" */;
			buildPhases = (
				5354322D254A346400282D0D /* Sources */,
				5354322E254A346400282D0D /* Frameworks */,
				5354322F254A346400282D0D /* Resources */,
			);
			buildRules = (
			);
			dependencies = (
			);
			name = NewsApp;
			productName = NewsApp;
			productReference = 53543231254A346400282D0D /* NewsApp.app */;
			productType = "com.apple.product-type.application";
		};
		53543246254A346500282D0D /* NewsAppTests */ = {
			isa = PBXNativeTarget;
			buildConfigurationList = 5354325E254A346500282D0D /* Build configuration list for PBXNativeTarget "NewsAppTests" */;
			buildPhases = (
				53543243254A346500282D0D /* Sources */,
				53543244254A346500282D0D /* Frameworks */,
				53543245254A346500282D0D /* Resources */,
			);
			buildRules = (
			);
			dependencies = (
				53543249254A346500282D0D /* PBXTargetDependency */,
			);
			name = NewsAppTests;
			productName = NewsAppTests;
			productReference = 53543247254A346500282D0D /* NewsAppTests.xctest */;
			productType = "com.apple.product-type.bundle.unit-test";
		};
		53543251254A346500282D0D /* NewsAppUITests */ = {
			isa = PBXNativeTarget;
			buildConfigurationList = 53543261254A346500282D0D /* Build configuration list for PBXNativeTarget "NewsAppUITests" */;
			buildPhases = (
				5354324E254A346500282D0D /* Sources */,
				5354324F254A346500282D0D /* Frameworks */,
				53543250254A346500282D0D /* Resources */,
			);
			buildRules = (
			);
			dependencies = (
				53543254254A346500282D0D /* PBXTargetDependency */,
			);
			name = NewsAppUITests;
			productName = NewsAppUITests;
			productReference = 53543252254A346500282D0D /* NewsAppUITests.xctest */;
			productType = "com.apple.product-type.bundle.ui-testing";
		};
/* End PBXNativeTarget section */

/* Begin PBXProject section */
		53543229254A346300282D0D /* Project object */ = {
			isa = PBXProject;
			attributes = {
				LastSwiftUpdateCheck = 1200;
				LastUpgradeCheck = 1200;
				TargetAttributes = {
					53543230254A346400282D0D = {
						CreatedOnToolsVersion = 12.0.1;
					};
					53543246254A346500282D0D = {
						CreatedOnToolsVersion = 12.0.1;
						TestTargetID = 53543230254A346400282D0D;
					};
					53543251254A346500282D0D = {
						CreatedOnToolsVersion = 12.0.1;
						TestTargetID = 53543230254A346400282D0D;
					};
				};
			};
			buildConfigurationList = 5354322C254A346300282D0D /* Build configuration list for PBXProject "NewsApp" */;
			compatibilityVersion = "Xcode 9.3";
			developmentRegion = en;
			hasScannedForEncodings = 0;
			knownRegions = (
				en,
				Base,
			);
			mainGroup = 53543228254A346300282D0D;
			productRefGroup = 53543232254A346400282D0D /* Products */;
			projectDirPath = "";
			projectRoot = "";
			targets = (
				53543230254A346400282D0D /* NewsApp */,
				53543246254A346500282D0D /* NewsAppTests */,
				53543251254A346500282D0D /* NewsAppUITests */,
			);
		};
/* End PBXProject section */

/* Begin PBXResourcesBuildPhase section */
		5354322F254A346400282D0D /* Resources */ = {
			isa = PBXResourcesBuildPhase;
			buildActionMask = 2147483647;
			files = (
				535432AC254A359200282D0D /* TopHeadlines.storyboard in Resources */,
				535432B2254A359200282D0D /* CategoryCell.xib in Resources */,
				53543241254A346500282D0D /* LaunchScreen.storyboard in Resources */,
				535432AB254A359200282D0D /* TopHeadlinesShimmerCell.xib in Resources */,
				535432A8254A359200282D0D /* TopHeadlinesCell.xib in Resources */,
				535432B0254A359200282D0D /* TopHeadlinesCategories.storyboard in Resources */,
				5354323E254A346500282D0D /* Assets.xcassets in Resources */,
			);
			runOnlyForDeploymentPostprocessing = 0;
		};
		53543245254A346500282D0D /* Resources */ = {
			isa = PBXResourcesBuildPhase;
			buildActionMask = 2147483647;
			files = (
			);
			runOnlyForDeploymentPostprocessing = 0;
		};
		53543250254A346500282D0D /* Resources */ = {
			isa = PBXResourcesBuildPhase;
			buildActionMask = 2147483647;
			files = (
			);
			runOnlyForDeploymentPostprocessing = 0;
		};
/* End PBXResourcesBuildPhase section */

/* Begin PBXSourcesBuildPhase section */
		5354322D254A346400282D0D /* Sources */ = {
			isa = PBXSourcesBuildPhase;
			buildActionMask = 2147483647;
			files = (
				535432A6254A359200282D0D /* TopHeadlinesViewModel.swift in Sources */,
				535432C1254A35C300282D0D /* MainCoordinator.swift in Sources */,
				535432AD254A359200282D0D /* TopHeadlinesViewController.swift in Sources */,
				53543235254A346400282D0D /* AppDelegate.swift in Sources */,
				535432B1254A359200282D0D /* TopHeadlinesCategoriesViewModel.swift in Sources */,
				535432AA254A359200282D0D /* TopHeadlinesCell.swift in Sources */,
				5354326B254A34E900282D0D /* NewsAppDataManager.swift in Sources */,
				535432BB254A35A500282D0D /* Extensions.swift in Sources */,
				535432A9254A359200282D0D /* TopHeadlinesShimmerCell.swift in Sources */,
				5354328A254A356E00282D0D /* NYTimesAPI+MostPopularModel.swift in Sources */,
				53543270254A352600282D0D /* BaseDataManager.swift in Sources */,
				535432AF254A359200282D0D /* TopHeadlinesCategoriesViewController.swift in Sources */,
				53543237254A346400282D0D /* SceneDelegate.swift in Sources */,
				53543289254A356E00282D0D /* NewsAPI+TopHeadlines.swift in Sources */,
				535432AE254A359200282D0D /* CategoryCell.swift in Sources */,
				535432BC254A35A500282D0D /* Protocols.swift in Sources */,
				5354328C254A356E00282D0D /* TheGuardianAPI.swift in Sources */,
				535432A7254A359200282D0D /* NewsApiModel.swift in Sources */,
				53543288254A356E00282D0D /* NewsAPI.swift in Sources */,
				5354328B254A356E00282D0D /* NYTimesAPI.swift in Sources */,
			);
			runOnlyForDeploymentPostprocessing = 0;
		};
		53543243254A346500282D0D /* Sources */ = {
			isa = PBXSourcesBuildPhase;
			buildActionMask = 2147483647;
			files = (
				5354324C254A346500282D0D /* NewsAppTests.swift in Sources */,
			);
			runOnlyForDeploymentPostprocessing = 0;
		};
		5354324E254A346500282D0D /* Sources */ = {
			isa = PBXSourcesBuildPhase;
			buildActionMask = 2147483647;
			files = (
				53543257254A346500282D0D /* NewsAppUITests.swift in Sources */,
			);
			runOnlyForDeploymentPostprocessing = 0;
		};
/* End PBXSourcesBuildPhase section */

/* Begin PBXTargetDependency section */
		53543249254A346500282D0D /* PBXTargetDependency */ = {
			isa = PBXTargetDependency;
			target = 53543230254A346400282D0D /* NewsApp */;
			targetProxy = 53543248254A346500282D0D /* PBXContainerItemProxy */;
		};
		53543254254A346500282D0D /* PBXTargetDependency */ = {
			isa = PBXTargetDependency;
			target = 53543230254A346400282D0D /* NewsApp */;
			targetProxy = 53543253254A346500282D0D /* PBXContainerItemProxy */;
		};
/* End PBXTargetDependency section */

/* Begin PBXVariantGroup section */
		5354323F254A346500282D0D /* LaunchScreen.storyboard */ = {
			isa = PBXVariantGroup;
			children = (
				53543240254A346500282D0D /* Base */,
			);
			name = LaunchScreen.storyboard;
			sourceTree = "<group>";
		};
/* End PBXVariantGroup section */

/* Begin XCBuildConfiguration section */
		53543259254A346500282D0D /* Debug */ = {
			isa = XCBuildConfiguration;
			buildSettings = {
				ALWAYS_SEARCH_USER_PATHS = NO;
				CLANG_ANALYZER_NONNULL = YES;
				CLANG_ANALYZER_NUMBER_OBJECT_CONVERSION = YES_AGGRESSIVE;
				CLANG_CXX_LANGUAGE_STANDARD = "gnu++14";
				CLANG_CXX_LIBRARY = "libc++";
				CLANG_ENABLE_MODULES = YES;
				CLANG_ENABLE_OBJC_ARC = YES;
				CLANG_ENABLE_OBJC_WEAK = YES;
				CLANG_WARN_BLOCK_CAPTURE_AUTORELEASING = YES;
				CLANG_WARN_BOOL_CONVERSION = YES;
				CLANG_WARN_COMMA = YES;
				CLANG_WARN_CONSTANT_CONVERSION = YES;
				CLANG_WARN_DEPRECATED_OBJC_IMPLEMENTATIONS = YES;
				CLANG_WARN_DIRECT_OBJC_ISA_USAGE = YES_ERROR;
				CLANG_WARN_DOCUMENTATION_COMMENTS = YES;
				CLANG_WARN_EMPTY_BODY = YES;
				CLANG_WARN_ENUM_CONVERSION = YES;
				CLANG_WARN_INFINITE_RECURSION = YES;
				CLANG_WARN_INT_CONVERSION = YES;
				CLANG_WARN_NON_LITERAL_NULL_CONVERSION = YES;
				CLANG_WARN_OBJC_IMPLICIT_RETAIN_SELF = YES;
				CLANG_WARN_OBJC_LITERAL_CONVERSION = YES;
				CLANG_WARN_OBJC_ROOT_CLASS = YES_ERROR;
				CLANG_WARN_QUOTED_INCLUDE_IN_FRAMEWORK_HEADER = YES;
				CLANG_WARN_RANGE_LOOP_ANALYSIS = YES;
				CLANG_WARN_STRICT_PROTOTYPES = YES;
				CLANG_WARN_SUSPICIOUS_MOVE = YES;
				CLANG_WARN_UNGUARDED_AVAILABILITY = YES_AGGRESSIVE;
				CLANG_WARN_UNREACHABLE_CODE = YES;
				CLANG_WARN__DUPLICATE_METHOD_MATCH = YES;
				COPY_PHASE_STRIP = NO;
				DEBUG_INFORMATION_FORMAT = dwarf;
				ENABLE_STRICT_OBJC_MSGSEND = YES;
				ENABLE_TESTABILITY = YES;
				GCC_C_LANGUAGE_STANDARD = gnu11;
				GCC_DYNAMIC_NO_PIC = NO;
				GCC_NO_COMMON_BLOCKS = YES;
				GCC_OPTIMIZATION_LEVEL = 0;
				GCC_PREPROCESSOR_DEFINITIONS = (
					"DEBUG=1",
					"$(inherited)",
				);
				GCC_WARN_64_TO_32_BIT_CONVERSION = YES;
				GCC_WARN_ABOUT_RETURN_TYPE = YES_ERROR;
				GCC_WARN_UNDECLARED_SELECTOR = YES;
				GCC_WARN_UNINITIALIZED_AUTOS = YES_AGGRESSIVE;
				GCC_WARN_UNUSED_FUNCTION = YES;
				GCC_WARN_UNUSED_VARIABLE = YES;
				IPHONEOS_DEPLOYMENT_TARGET = 14.0;
				MTL_ENABLE_DEBUG_INFO = INCLUDE_SOURCE;
				MTL_FAST_MATH = YES;
				ONLY_ACTIVE_ARCH = YES;
				SDKROOT = iphoneos;
				SWIFT_ACTIVE_COMPILATION_CONDITIONS = DEBUG;
				SWIFT_OPTIMIZATION_LEVEL = "-Onone";
			};
			name = Debug;
		};
		5354325A254A346500282D0D /* Release */ = {
			isa = XCBuildConfiguration;
			buildSettings = {
				ALWAYS_SEARCH_USER_PATHS = NO;
				CLANG_ANALYZER_NONNULL = YES;
				CLANG_ANALYZER_NUMBER_OBJECT_CONVERSION = YES_AGGRESSIVE;
				CLANG_CXX_LANGUAGE_STANDARD = "gnu++14";
				CLANG_CXX_LIBRARY = "libc++";
				CLANG_ENABLE_MODULES = YES;
				CLANG_ENABLE_OBJC_ARC = YES;
				CLANG_ENABLE_OBJC_WEAK = YES;
				CLANG_WARN_BLOCK_CAPTURE_AUTORELEASING = YES;
				CLANG_WARN_BOOL_CONVERSION = YES;
				CLANG_WARN_COMMA = YES;
				CLANG_WARN_CONSTANT_CONVERSION = YES;
				CLANG_WARN_DEPRECATED_OBJC_IMPLEMENTATIONS = YES;
				CLANG_WARN_DIRECT_OBJC_ISA_USAGE = YES_ERROR;
				CLANG_WARN_DOCUMENTATION_COMMENTS = YES;
				CLANG_WARN_EMPTY_BODY = YES;
				CLANG_WARN_ENUM_CONVERSION = YES;
				CLANG_WARN_INFINITE_RECURSION = YES;
				CLANG_WARN_INT_CONVERSION = YES;
				CLANG_WARN_NON_LITERAL_NULL_CONVERSION = YES;
				CLANG_WARN_OBJC_IMPLICIT_RETAIN_SELF = YES;
				CLANG_WARN_OBJC_LITERAL_CONVERSION = YES;
				CLANG_WARN_OBJC_ROOT_CLASS = YES_ERROR;
				CLANG_WARN_QUOTED_INCLUDE_IN_FRAMEWORK_HEADER = YES;
				CLANG_WARN_RANGE_LOOP_ANALYSIS = YES;
				CLANG_WARN_STRICT_PROTOTYPES = YES;
				CLANG_WARN_SUSPICIOUS_MOVE = YES;
				CLANG_WARN_UNGUARDED_AVAILABILITY = YES_AGGRESSIVE;
				CLANG_WARN_UNREACHABLE_CODE = YES;
				CLANG_WARN__DUPLICATE_METHOD_MATCH = YES;
				COPY_PHASE_STRIP = NO;
				DEBUG_INFORMATION_FORMAT = "dwarf-with-dsym";
				ENABLE_NS_ASSERTIONS = NO;
				ENABLE_STRICT_OBJC_MSGSEND = YES;
				GCC_C_LANGUAGE_STANDARD = gnu11;
				GCC_NO_COMMON_BLOCKS = YES;
				GCC_WARN_64_TO_32_BIT_CONVERSION = YES;
				GCC_WARN_ABOUT_RETURN_TYPE = YES_ERROR;
				GCC_WARN_UNDECLARED_SELECTOR = YES;
				GCC_WARN_UNINITIALIZED_AUTOS = YES_AGGRESSIVE;
				GCC_WARN_UNUSED_FUNCTION = YES;
				GCC_WARN_UNUSED_VARIABLE = YES;
				IPHONEOS_DEPLOYMENT_TARGET = 14.0;
				MTL_ENABLE_DEBUG_INFO = NO;
				MTL_FAST_MATH = YES;
				SDKROOT = iphoneos;
				SWIFT_COMPILATION_MODE = wholemodule;
				SWIFT_OPTIMIZATION_LEVEL = "-O";
				VALIDATE_PRODUCT = YES;
			};
			name = Release;
		};
		5354325C254A346500282D0D /* Debug */ = {
			isa = XCBuildConfiguration;
			buildSettings = {
				ASSETCATALOG_COMPILER_APPICON_NAME = AppIcon;
				ASSETCATALOG_COMPILER_GLOBAL_ACCENT_COLOR_NAME = AccentColor;
				CODE_SIGN_STYLE = Automatic;
				INFOPLIST_FILE = NewsApp/Info.plist;
				LD_RUNPATH_SEARCH_PATHS = (
					"$(inherited)",
					"@executable_path/Frameworks",
				);
				PRODUCT_BUNDLE_IDENTIFIER = quiteadaptable.NewsApp;
				PRODUCT_NAME = "$(TARGET_NAME)";
				SWIFT_VERSION = 5.0;
				TARGETED_DEVICE_FAMILY = "1,2";
			};
			name = Debug;
		};
		5354325D254A346500282D0D /* Release */ = {
			isa = XCBuildConfiguration;
			buildSettings = {
				ASSETCATALOG_COMPILER_APPICON_NAME = AppIcon;
				ASSETCATALOG_COMPILER_GLOBAL_ACCENT_COLOR_NAME = AccentColor;
				CODE_SIGN_STYLE = Automatic;
				INFOPLIST_FILE = NewsApp/Info.plist;
				LD_RUNPATH_SEARCH_PATHS = (
					"$(inherited)",
					"@executable_path/Frameworks",
				);
				PRODUCT_BUNDLE_IDENTIFIER = quiteadaptable.NewsApp;
				PRODUCT_NAME = "$(TARGET_NAME)";
				SWIFT_VERSION = 5.0;
				TARGETED_DEVICE_FAMILY = "1,2";
			};
			name = Release;
		};
		5354325F254A346500282D0D /* Debug */ = {
			isa = XCBuildConfiguration;
			buildSettings = {
				ALWAYS_EMBED_SWIFT_STANDARD_LIBRARIES = YES;
				BUNDLE_LOADER = "$(TEST_HOST)";
				CODE_SIGN_STYLE = Automatic;
				INFOPLIST_FILE = NewsAppTests/Info.plist;
				IPHONEOS_DEPLOYMENT_TARGET = 14.0;
				LD_RUNPATH_SEARCH_PATHS = (
					"$(inherited)",
					"@executable_path/Frameworks",
					"@loader_path/Frameworks",
				);
				PRODUCT_BUNDLE_IDENTIFIER = quiteadaptable.NewsAppTests;
				PRODUCT_NAME = "$(TARGET_NAME)";
				SWIFT_VERSION = 5.0;
				TARGETED_DEVICE_FAMILY = "1,2";
				TEST_HOST = "$(BUILT_PRODUCTS_DIR)/NewsApp.app/NewsApp";
			};
			name = Debug;
		};
		53543260254A346500282D0D /* Release */ = {
			isa = XCBuildConfiguration;
			buildSettings = {
				ALWAYS_EMBED_SWIFT_STANDARD_LIBRARIES = YES;
				BUNDLE_LOADER = "$(TEST_HOST)";
				CODE_SIGN_STYLE = Automatic;
				INFOPLIST_FILE = NewsAppTests/Info.plist;
				IPHONEOS_DEPLOYMENT_TARGET = 14.0;
				LD_RUNPATH_SEARCH_PATHS = (
					"$(inherited)",
					"@executable_path/Frameworks",
					"@loader_path/Frameworks",
				);
				PRODUCT_BUNDLE_IDENTIFIER = quiteadaptable.NewsAppTests;
				PRODUCT_NAME = "$(TARGET_NAME)";
				SWIFT_VERSION = 5.0;
				TARGETED_DEVICE_FAMILY = "1,2";
				TEST_HOST = "$(BUILT_PRODUCTS_DIR)/NewsApp.app/NewsApp";
			};
			name = Release;
		};
		53543262254A346500282D0D /* Debug */ = {
			isa = XCBuildConfiguration;
			buildSettings = {
				ALWAYS_EMBED_SWIFT_STANDARD_LIBRARIES = YES;
				CODE_SIGN_STYLE = Automatic;
				INFOPLIST_FILE = NewsAppUITests/Info.plist;
				LD_RUNPATH_SEARCH_PATHS = (
					"$(inherited)",
					"@executable_path/Frameworks",
					"@loader_path/Frameworks",
				);
				PRODUCT_BUNDLE_IDENTIFIER = quiteadaptable.NewsAppUITests;
				PRODUCT_NAME = "$(TARGET_NAME)";
				SWIFT_VERSION = 5.0;
				TARGETED_DEVICE_FAMILY = "1,2";
				TEST_TARGET_NAME = NewsApp;
			};
			name = Debug;
		};
		53543263254A346500282D0D /* Release */ = {
			isa = XCBuildConfiguration;
			buildSettings = {
				ALWAYS_EMBED_SWIFT_STANDARD_LIBRARIES = YES;
				CODE_SIGN_STYLE = Automatic;
				INFOPLIST_FILE = NewsAppUITests/Info.plist;
				LD_RUNPATH_SEARCH_PATHS = (
					"$(inherited)",
					"@executable_path/Frameworks",
					"@loader_path/Frameworks",
				);
				PRODUCT_BUNDLE_IDENTIFIER = quiteadaptable.NewsAppUITests;
				PRODUCT_NAME = "$(TARGET_NAME)";
				SWIFT_VERSION = 5.0;
				TARGETED_DEVICE_FAMILY = "1,2";
				TEST_TARGET_NAME = NewsApp;
			};
			name = Release;
		};
/* End XCBuildConfiguration section */

/* Begin XCConfigurationList section */
		5354322C254A346300282D0D /* Build configuration list for PBXProject "NewsApp" */ = {
			isa = XCConfigurationList;
			buildConfigurations = (
				53543259254A346500282D0D /* Debug */,
				5354325A254A346500282D0D /* Release */,
			);
			defaultConfigurationIsVisible = 0;
			defaultConfigurationName = Release;
		};
		5354325B254A346500282D0D /* Build configuration list for PBXNativeTarget "NewsApp" */ = {
			isa = XCConfigurationList;
			buildConfigurations = (
				5354325C254A346500282D0D /* Debug */,
				5354325D254A346500282D0D /* Release */,
			);
			defaultConfigurationIsVisible = 0;
			defaultConfigurationName = Release;
		};
		5354325E254A346500282D0D /* Build configuration list for PBXNativeTarget "NewsAppTests" */ = {
			isa = XCConfigurationList;
			buildConfigurations = (
				5354325F254A346500282D0D /* Debug */,
				53543260254A346500282D0D /* Release */,
			);
			defaultConfigurationIsVisible = 0;
			defaultConfigurationName = Release;
		};
		53543261254A346500282D0D /* Build configuration list for PBXNativeTarget "NewsAppUITests" */ = {
			isa = XCConfigurationList;
			buildConfigurations = (
				53543262254A346500282D0D /* Debug */,
				53543263254A346500282D0D /* Release */,
			);
			defaultConfigurationIsVisible = 0;
			defaultConfigurationName = Release;
		};
/* End XCConfigurationList section */
	};
	rootObject = 53543229254A346300282D0D /* Project object */;
}
